hash: fc135740e635da93c5c92f05e89c236ff0c00d57e5e71d915a438a74d972b466
updated: 2018-06-06T17:24:34.69241064+02:00
imports:
- name: cloud.google.com/go
  version: 1053c23baa9b4302ae28c46a3dc9f076f0821a6f
  subpackages:
  - compute/metadata
  - iam
  - internal
  - internal/optional
  - internal/trace
  - internal/version
  - storage
- name: git.apache.org/thrift.git
  version: 88591e32e710a0524327153c8b629d5b461e35e0
  subpackages:
  - lib/go/thrift
- name: github.com/abbot/go-http-auth
  version: b6a92f468f2b01961e796d20e3ec5bbb8a8297d6
- name: github.com/advancedlogic/GoOse
  version: 94cde938491acb1f70b416bb1ee278040d60e678
- name: github.com/agrison/mxj
  version: 1269f8afb3b42d0e7b9cf60041e8e187727c88d6
- name: github.com/alexedwards/scs
  version: 3c03cedef4e430670ab663adf595a8c2e290463d
  subpackages:
  - stores/boltstore
  - stores/cookiestore
  - stores/memstore
- name: github.com/anacrolix/missinggo
  version: ca16e9f398a905bb3100a03a90959fba127c31a1
- name: github.com/AndreasBriese/bbloom
  version: 28f7e881ca57bc00e028f9ede9f0d9104cfeef5e
- name: github.com/andybalholm/cascadia
  version: 349dd0209470eabd9514242c688c403c0926d266
- name: github.com/antchfx/htmlquery
  version: b4407197cfe83ed32ff00763f84809f65b6417c1
- name: github.com/antchfx/xmlquery
  version: 9188d8442369f50d972011092e34175d53e10476
- name: github.com/antchfx/xpath
  version: 077bca4d2caaf391ee780136adae00f59153dcd2
- name: github.com/aokoli/goutils
  version: 3391d3790d23d03408670993e957e8f408993c34
- name: github.com/araddon/dateparse
  version: 4c29e1d266b291b6a655a72ce39fa9d7e3369a62
- name: github.com/armon/consul-api
  version: eb2c6b5be1b66bab83016e0b05f01b8d5496ffbd
- name: github.com/armon/go-metrics
  version: 783273d703149aaeb9897cf58613d5af48861c25
- name: github.com/asciimoo/filtron
  version: 93f8b22bc42fabb57d8a4c0ce7b7de706e6034b6
  subpackages:
  - action
  - proxy
  - rule
  - selector
  - types
- name: github.com/astaxie/beego
  version: f16688817aa428d10361394015b40d096b680542
  subpackages:
  - config
  - context
  - context/param
  - grace
  - logs
  - session
  - toolbox
  - utils
- name: github.com/aviddiviner/gin-limit
  version: 43b5f79762c10a62aab8323f9fc45b87e784625f
- name: github.com/aws/aws-sdk-go
  version: 501e7d93a8b119e43174f56683e5aefebb1ff41e
  subpackages:
  - aws
  - aws/awserr
  - aws/awsutil
  - aws/client
  - aws/client/metadata
  - aws/corehandlers
  - aws/credentials
  - aws/credentials/ec2rolecreds
  - aws/credentials/endpointcreds
  - aws/credentials/stscreds
  - aws/csm
  - aws/defaults
  - aws/ec2metadata
  - aws/endpoints
  - aws/request
  - aws/session
  - aws/signer/v4
  - internal/sdkio
  - internal/sdkrand
  - internal/shareddefaults
  - private/protocol
  - private/protocol/eventstream
  - private/protocol/eventstream/eventstreamapi
  - private/protocol/query
  - private/protocol/query/queryutil
  - private/protocol/rest
  - private/protocol/restxml
  - private/protocol/xml/xmlutil
  - service/s3
  - service/s3/s3iface
  - service/s3/s3manager
  - service/s3/s3manager/s3manageriface
  - service/sts
- name: github.com/azr/backoff
  version: 53511d3c733003985b0b76f733df1f4d0095ee6a
- name: github.com/Azure/azure-sdk-for-go
  version: 514bddd77de93dd0349ada5fbe250077ddc619ff
  subpackages:
  - storage
  - version
- name: github.com/Azure/go-autorest
  version: 4de44cd533576f3c7b44dcb08dc03754d217144d
  subpackages:
  - autorest
  - autorest/adal
  - autorest/azure
  - autorest/date
- name: github.com/baidu-golang/pbrpc
  version: b8d5721090ef177251424a863d4df70b5eb53d4c
  subpackages:
  - link
- name: github.com/barakmich/glog
  version: fafcb6128a8a2e6360ff034091434d547397d54a
- name: github.com/beorn7/perks
  version: 3a771d992973f24aa725d07868b467d1ddfceafb
  subpackages:
  - quantile
- name: github.com/blevesearch/bleve
  version: e734ecadbb7b098e31f4ed8b5ba6bebf04574fbb
  subpackages:
  - analysis
  - analysis/analyzer/standard
  - analysis/datetime/flexible
  - analysis/datetime/optional
  - analysis/lang/en
  - analysis/token/lowercase
  - analysis/token/porter
  - analysis/token/stop
  - analysis/tokenizer/unicode
  - document
  - geo
  - index
  - index/scorch
  - index/scorch/mergeplan
  - index/scorch/segment
  - index/scorch/segment/zap
  - index/store
  - index/store/boltdb
  - index/store/goleveldb
  - index/store/gtreap
  - index/upsidedown
  - mapping
  - numeric
  - registry
  - search
  - search/collector
  - search/facet
  - search/highlight
  - search/highlight/format/html
  - search/highlight/fragmenter/simple
  - search/highlight/highlighter/html
  - search/highlight/highlighter/simple
  - search/query
  - search/scorer
  - search/searcher
  - size
- name: github.com/blevesearch/go-porterstemmer
  version: 23a2c8e5cf1f380f27722c6d2ae8896431dc7d0e
  repo: https://github.com/blevesearch/go-porterstemmer
- name: github.com/blevesearch/segment
  version: db70c57796cc8c310613541dfade3dce627d09c7
  repo: https://github.com/blevesearch/segment
- name: github.com/bluele/gcache
  version: 472614239ac7e5bc6461e237c798a6ebd5aff8c1
- name: github.com/bndr/gotabulate
  version: bc555436bfd5d4e93a2dd35b462ce37e067afdda
- name: github.com/boltdb/bolt
  version: 9da31745363232bc1e27dbab3569e77383a51585
- name: github.com/boombuler/barcode
  version: 3c06908149f740ca6bd65f66e501651d8f729e70
  subpackages:
  - qr
  - utils
- name: github.com/bradfitz/gomemcache
  version: 1952afaa557dc08e8e0d89eafab110fb501c1a2b
  subpackages:
  - memcache
- name: github.com/buger/jsonparser
  version: 2cac668e8456b4284edb0715e17e2af02d3ec993
- name: github.com/BurntSushi/toml
  version: a368813c5e648fee92e5f6c30e3944ff9d5e8895
- name: github.com/cdipaolo/goml
  version: e2d8def04c9a19893aba223c21899c77089651ee
  subpackages:
  - base
  - text
- name: github.com/cellstate/treedb
  version: 8b3ab32526ca58e48d5827aceb33795abaf2dc56
- name: github.com/ChimeraCoder/anaconda
  version: a1f48994eee061428eadcac94cf5fe98dbab0967
- name: github.com/ChimeraCoder/tokenbucket
  version: c5a927568de7aad8a58127d80bcd36ca4e71e454
- name: github.com/clbanning/mxj
  version: a2010d7cf0230a459a755442fd8ff38bd56de3e8
  subpackages:
  - x2j
- name: github.com/codegangsta/cli
  version: 8e01ec4cd3e2d84ab2fe90d8210528ffbb06d8ff
- name: github.com/coreos/bbolt
  version: af9db2027c98c61ecd8e17caa5bd265792b9b9a2
- name: github.com/coreos/etcd
  version: ab19dee5cef9fdc203fcbd93d0cf3c588338b8cc
  subpackages:
  - client
  - pkg/pathutil
  - pkg/srv
  - pkg/types
  - version
- name: github.com/coreos/go-semver
  version: e214231b295a8ea9479f11b70b35d5acf3556d9b
  subpackages:
  - semver
- name: github.com/corpix/reflect
  version: 762e8fbf1f83a7e3e4ee34b7732a776b478ffc3f
- name: github.com/couchbase/vellum
  version: eb6ae3743b3f300f2136f83ca78c08cc071edbd4
  subpackages:
  - levenshtein
  - regexp
  - utf8
- name: github.com/daaku/go.zipexe
  version: a5fe2436ffcb3236e175e5149162b41cd28bd27d
- name: github.com/dailyburn/bigquery
  version: b6f18972580ed8882d195da0e9b7c9b94902a1ea
  subpackages:
  - client
- name: github.com/dailyburn/ratchet
  version: 72e28d524d0285ac99a66c569285415f8002497b
  subpackages:
  - data
  - logger
  - processors
  - util
- name: github.com/davecgh/go-spew
  version: 6d212800a42e8ab5c146b8ace3490ee17e5225f9
  subpackages:
  - spew
- name: github.com/deiu/gon3
  version: f84eb1e0bd629a62676207d0a47516da8338cf60
- name: github.com/devopsfaith/bloomfilter
  version: c9d786f13d2fbfcbe8bb8ba7b2a3635a6b413d50
  subpackages:
  - bloomfilter
  - rotate
  - rpc
  - rpc/client
  - rpc/server
  - testutils
- name: github.com/devopsfaith/krakend
  version: a9119126330c3d376857bdd6ec05c57c2dea670b
  subpackages:
  - config
  - core
  - encoding
  - logging
  - proxy
  - register
  - register/internal
  - router
  - router/gin
  - router/gorilla
  - router/mux
  - router/negroni
  - sd
  - sd/dnssrv
- name: github.com/devopsfaith/krakend-circuitbreaker
  version: 57a815c709e31a77f3e2c49811f5780518ac56aa
  subpackages:
  - eapache
  - eapache/proxy
  - gobreaker
  - gobreaker/proxy
- name: github.com/devopsfaith/krakend-cobra
  version: 38d113ba86e99af08dbf4b1e9e510f522fc5d56e
- name: github.com/devopsfaith/krakend-config2dot
  version: 9a3b20d129dad658920a35e0a29f1d2416b9096f
- name: github.com/devopsfaith/krakend-etcd
  version: bd645943ff8ce2135252caafa42abc34f2c14a7d
- name: github.com/devopsfaith/krakend-gologging
  version: 96e1a9d5f586cac9b6ddb5de999527d64630181c
- name: github.com/devopsfaith/krakend-httpcache
  version: 762918c1ba75c6fa59362d2040833f295e98fd4a
- name: github.com/devopsfaith/krakend-httpsecure
  version: c590f70c35150efc501b22e919b43b9866632de9
  subpackages:
  - gin
- name: github.com/devopsfaith/krakend-martian
  version: 17fe85b0b233ad33d5fc56ceeb67af024708f003
  subpackages:
  - register
- name: github.com/devopsfaith/krakend-metrics
  version: f563c518da3c3fa8ad05e74179824397c996cb7e
  subpackages:
  - gin
  - mux
- name: github.com/devopsfaith/krakend-oauth2-clientcredentials
  version: 401bac10b674c03508691b701fd6719e3e71ca4a
- name: github.com/devopsfaith/krakend-opencensus
  version: 7c9e0428d4f70aacc1c3f55619e666d74387eb99
  subpackages:
  - exporter
  - exporter/influxdb
  - exporter/jaeger
  - exporter/prometheus
  - exporter/zipkin
  - router/gin
- name: github.com/devopsfaith/krakend-ratelimit
  version: 407bf6926e70a985ee6b21a7bbcc2260b5c3c41a
  subpackages:
  - juju
  - juju/proxy
  - juju/router
  - juju/router/gin
  - rate
  - rate/proxy
  - rate/router
  - rate/router/gin
- name: github.com/devopsfaith/krakend-rss
  version: 4c18c62a99ee830ab298ea422ba8568c7bcf7951
- name: github.com/devopsfaith/krakend-viper
  version: 3abc4134a773578643b46aa11431f72cc6d41e8a
- name: github.com/devopsfaith/krakend-xml
  version: 5ce94062a4cccce87e791e86272c9d95512529d4
- name: github.com/dgraph-io/badger
  version: cdf9ffb40fde980875360cf2b1f7d66946fdc769
  subpackages:
  - options
  - protos
  - skl
  - table
  - "y"
- name: github.com/dgrijalva/jwt-go
  version: 06ea1031745cb8b3dab3f6a236daf2b0aa468b7e
  subpackages:
  - request
- name: github.com/dgryski/go-farm
  version: 2de33835d10275975374b37b2dcfd22c9020a1f5
- name: github.com/dustin/go-jsonpointer
  version: ba0abeacc3dcca5b9b20f31509c46794edbc9965
- name: github.com/dustin/gojson
  version: 2e71ec9dd5adce3b168cd0dbde03b5cc04951c30
- name: github.com/eapache/go-resiliency
  version: ea41b0fad31007accc7f806884dcdf3da98b79ce
  subpackages:
  - breaker
- name: github.com/edsrzf/mmap-go
  version: 0bce6a6887123b67a60366d2c9fe2dfb74289d2e
- name: github.com/facebookgo/errgroup
  version: 779c8d7ef069c522bc72ee5f31a98d89a37f3fb6
- name: github.com/facebookgo/stack
  version: 751773369052141c013c6e827a71e8f35c07879c
- name: github.com/fatih/color
  version: 2d684516a8861da43017284349b7e303e809ac21
- name: github.com/fatih/structs
  version: ebf56d35bba727c68ac77f56f2fcf90b181851aa
- name: github.com/feedlabs/feedify
  version: f47c7b01ab4ecd9d894018d20788d2fd5ed2219c
  subpackages:
  - config
  - context
  - graph
  - graph/adapter
  - graph/entity
  - memcache
  - neo4j
  - redis
  - service
  - stream
  - stream/adapter/message
- name: github.com/fsnotify/fsnotify
  version: c2828203cd70a50dcccfb2761f8b1f8ceef9a8e9
- name: github.com/fullstorydev/grpcurl
  version: 7e882c8a7c2c227c76bc6dab6b7223f14769f605
  subpackages:
  - testing
- name: github.com/fzzy/radix
  version: 3528e87a910c6730810cec1be187f989d7d9442a
  subpackages:
  - extra/pubsub
  - redis
  - redis/resp
- name: github.com/garyburd/go-oauth
  version: bca2e7f09a178fd36b034107a00e2323bca6a82e
  subpackages:
  - oauth
- name: github.com/garyburd/redigo
  version: 569eae59ada904ea8db7a225c2b47165af08735a
  subpackages:
  - internal
  - redis
- name: github.com/gdamore/encoding
  version: b23993cbb6353f0e6aa98d0ee318a34728f628b9
- name: github.com/gdamore/tcell
  version: 3d5f294a6fcacb5448d76a1f4116c6827a8f0869
  subpackages:
  - terminfo
- name: github.com/geekypanda/httpcache
  version: 01f18a9beadcc489be4f89c92e82c02e251268cc
  subpackages:
  - cfg
  - entry
  - fhttp
  - fhttp/rule
  - nethttp
  - nethttp/rule
  - ruleset
  - server
  - uri
- name: github.com/GeertJohan/go-sourcepath
  version: 83e8b8723a9bf39481216e80575f4854c63ece4a
- name: github.com/GeertJohan/go.rice
  version: c02ca9a983da5807ddf7d796784928f5be4afd09
  subpackages:
  - embedded
- name: github.com/gelembjuk/keyphrases
  version: ed58e6ab55d926f32dbf8269dd078a4352304e2d
  subpackages:
  - helper
  - languages
  - phrases
  - sentences
  - wordnet
  - words
- name: github.com/gigawattio/window
  version: 0f5467e35573c4ffebddd992935e1f7ceeac0696
- name: github.com/gin-contrib/sse
  version: 22d885f9ecc78bf4ee5d72b937e4bbcdc58e8cae
- name: github.com/gin-gonic/contrib
  version: 6ea35d32286ce194572a0dc2a3398aac0091228d
  subpackages:
  - cache
  - jwt
  - secure
- name: github.com/gin-gonic/gin
  version: caf3e350a548af1add9def68087ac53d1d000caa
  subpackages:
  - binding
  - json
  - render
- name: github.com/sasile/termui
  version: e9a3a6b3d6472ce875254d734f36335c15ebd4e6
- name: github.com/glycerine/go-unsnap-stream
  version: 62a9a9eb44fd8932157b1a8ace2149eff5971af6
- name: github.com/go-chi/chi
  version: cca4135d8dddff765463feaf1118047a9e506b4a
- name: github.com/go-contrib/uuid
  version: 36e9d2ebbde5e3f13ab2e25625fd453271d6522e
- name: github.com/go-ini/ini
  version: 06f5f3d67269ccec1fe5fe4134ba6e982984f7f5
- name: github.com/go-kit/kit
  version: 1b1a55c53e898557056c7f3fe05be3760a48f172
  subpackages:
  - endpoint
  - log
  - transport/http
- name: github.com/go-logfmt/logfmt
  version: 390ab7935ee28ec6b286364bba9b4dd6410cb3d5
- name: github.com/go-redis/redis
  version: 02692634419948b2dfd20b2057c51b24f3775db9
- name: github.com/go-stack/stack
  version: 259ab82a6cad3992b4e21ff5cac294ccb06474bc
- name: github.com/go-yaml/yaml
  version: 5420a8b6744d3b0345ab293f6fcba19c978f1183
- name: github.com/gobwas/glob
  version: f00a7392b43971b2fdb562418faab1f18da2067a
  subpackages:
  - compiler
  - match
  - syntax
  - syntax/ast
  - syntax/lexer
  - util/runes
  - util/strings
- name: github.com/going/toolkit
  version: 5bff591dc40da25dcc875d3fa1a3373d74d45411
  subpackages:
  - log
- name: github.com/golang/glog
  version: 23def4e6c14b4da8ac2ed8007337bc5eb5007998
- name: github.com/golang/mock
  version: 22bbf0ddf08105dfa364d0a2fa619dfa71014af5
  subpackages:
  - gomock
- name: github.com/golang/snappy
  version: cef980a12b316c5b7e5bb3a8e168eb43ae999a88
- name: github.com/google/btree
  version: e89373fe6b4a7413d7acd6da1725b83ef713e6e4
- name: github.com/google/certificate-transparency-go
  version: 37383aef38494b0e799d5f13283d314a936a4e87
  subpackages:
  - asn1
  - tls
  - x509
  - x509/pkix
- name: github.com/google/martian
  version: 412d6c62968910b965c4d374abc8f3de72986a06
  subpackages:
  - body
  - fifo
  - filter
  - header
  - log
  - mitm
  - nosigpipe
  - parse
  - proxyutil
  - trafficshape
  - verify
- name: github.com/google/uuid
  version: 064e2069ce9c359c118179501254f67d7d37ba24
- name: github.com/googleapis/gax-go
  version: 254b60fe060127b9fd3c420fadd0906bf0382227
- name: github.com/gorilla/context
  version: 08b5f424b9271eedf6f9f0ce86cb9396ed337a42
- name: github.com/gorilla/mux
  version: cb4698366aa625048f3b815af6a0dea8aef9280a
- name: github.com/gorilla/websocket
  version: 5ed622c449da6d44c3c8329331ff47a9e5844f71
- name: github.com/gregjones/httpcache
  version: 9cad4c3443a7200dd6400aef47183728de563a38
- name: github.com/grugnog/mangle
  version: c997607c8f35dd58f0f9ab6c335fa0aba01a98d8
- name: github.com/Gurpartap/logrus-stack
  version: 89c00d8a28f43c567d92eb81a2945301a6a9fbb9
- name: github.com/hashicorp/consul
  version: 5f3d20c5cfbc2859f0dda44d0c14826f00c4a277
  subpackages:
  - api
- name: github.com/hashicorp/errwrap
  version: 7554cd9344cec97297fa6649b055a8c98c2a1e55
- name: github.com/hashicorp/go-cleanhttp
  version: d5fe4b57a186c716b0e00b8c301cbd9b4182694d
- name: github.com/hashicorp/go-immutable-radix
  version: 7f3cd4390caab3250a57f30efdb2a65dd7649ecf
- name: github.com/hashicorp/go-msgpack
  version: fa3f63826f7c23912c15263591e65d54d080b458
  subpackages:
  - codec
- name: github.com/hashicorp/go-multierror
  version: 83588e72410abfbe4df460eeb6f30841ae47d4c4
- name: github.com/hashicorp/go-rootcerts
  version: 6bb64b370b90e7ef1fa532be9e591a81c3493e00
- name: github.com/hashicorp/go-version
  version: 23480c0665776210b5fbbac6eaaee40e3e6a96b7
- name: github.com/hashicorp/golang-lru
  version: 0fb14efe8c47ae851c0034ed7a448854d3d34cf3
  subpackages:
  - simplelru
- name: github.com/hashicorp/hcl
  version: ef8a98b0bbce4a65b5aa4c368430a80ddc533168
  subpackages:
  - hcl/ast
  - hcl/parser
  - hcl/printer
  - hcl/scanner
  - hcl/strconv
  - hcl/token
  - json/parser
  - json/scanner
  - json/token
- name: github.com/hashicorp/serf
  version: 984a73625de3138f44deb38d00878fab39eb6447
  subpackages:
  - coordinate
- name: github.com/hashicorp/yamux
  version: 3520598351bb3500a49ae9563f5539666ae0a27c
- name: github.com/hdm/golang-mtbl
  version: 10a74bf74458cabe999b95214ae8253c6efabc63
- name: github.com/hdm/inetdata-parsers
  version: aa5a26b1e0e5ba38d692ab9d739145c4d61c96d1
- name: github.com/HouzuoGuo/tiedot
  version: 791033267fb3d7b02f0465a2527e8048485ee506
  subpackages:
  - data
  - db
  - dberr
  - gommap
  - tdlog
- name: github.com/huandu/xstrings
  version: 2bf18b218c51864a87384c06996e40ff9dcff8e1
- name: github.com/imdario/mergo
  version: 7fe0c75c13abdee74b09fcacef5ea1c6bba6a874
- name: github.com/inconshreveable/mousetrap
  version: 76626ae9c91c4f2a10f34cad8ce83ea42c93bb75
- name: github.com/influxdata/influxdb
  version: 28c7164e3e3f29579ee8a50624e6e07d16f1b860
  subpackages:
  - client/v2
  - models
  - pkg/escape
- name: github.com/jawher/mow.cli
  version: 123c8a60ff2f69b8c55b3e19b1383233321b316f
  subpackages:
  - internal/container
  - internal/flow
  - internal/fsm
  - internal/lexer
  - internal/matcher
  - internal/parser
  - internal/values
- name: github.com/jaytaylor/html2text
  version: 64a82a6d140778896f13303121a49d8cb8007034
- name: github.com/Jeffail/gabs
  version: 7a0fed31069aba77993a518cc2f37b28ee7aa883
- name: github.com/jhump/protoreflect
  version: ec792d8c8cc38c14dfb41e16e0738a808bd91404
  subpackages:
  - desc
  - desc/internal
  - desc/protoparse
  - dynamic
  - dynamic/grpcdynamic
  - grpcreflect
  - internal
- name: github.com/jinzhu/configor
  version: ec34f328956f53dfbd06e9f5306e37e6943443c3
- name: github.com/jinzhu/gorm
  version: 82eb9f8a5bbb5e6b929d2f0ae5b934e6a253f94e
  subpackages:
  - dialects/mssql
  - dialects/mysql
  - dialects/postgres
  - dialects/sqlite
- name: github.com/jlaffaye/ftp
  version: 2403248fa8cc9f7909862627aa7337f13f8e0bf1
- name: github.com/jmcvetta/neoism
  version: 2ffb5c69feb355227c6ee8679768d7289e6d7193
- name: github.com/jmcvetta/randutil
  version: 2bb1b664bcff821e02b2a0644cd29c7e824d54f8
- name: github.com/jmespath/go-jmespath
  version: c2b33e8439af944379acbdd9c3a5fe0bc44bd8a5
- name: github.com/jmoiron/jsonq
  version: e874b168d07ecc7808bc950a17998a8aa3141d82
- name: github.com/jmoiron/sqlx
  version: 2aeb6a910c2b94f2d5eb53d9895d80e27264ec41
  subpackages:
  - reflectx
- name: github.com/johnreutersward/opengraph
  version: 4c6e54a1efcdb5d52e04634c0b2754a7c4cf371f
- name: github.com/jolestar/go-commons-pool
  version: 2bda2d8f3bdf571db901f02378e92edd916380fa
  subpackages:
  - collections
  - concurrent
- name: github.com/jpillora/backoff
  version: 8eab2debe79d12b7bd3d10653910df25fa9552ba
- name: github.com/jroimartin/gocui
  version: c055c87ae801372cd74a0839b972db4f7697ae5f
- name: github.com/json-iterator/go
  version: 8744d7c5c7b40a53e018f78d8c508b3315260b96
- name: github.com/juju/go4
  version: 40d72ab9641a2a8c36a9c46a51e28367115c8e59
  subpackages:
  - lock
- name: github.com/juju/persistent-cookiejar
  version: d5e5a8405ef9633c84af42fbcc734ec8dd73c198
- name: github.com/juju/ratelimit
  version: 59fac5042749a5afb9af70e813da1dd5474f0167
- name: github.com/k0kubun/pp
  version: e057ee7a28277be4d2af303443b6da377768181f
- name: github.com/kardianos/osext
  version: ae77be60afb1dcacde03767a8c37337fad28ac14
- name: github.com/kennygrant/sanitize
  version: 2e6820834a1f36c626bf19a253b7d3cc060e9b8b
- name: github.com/kisielk/sqlstruct
  version: 648daed35d49dac24a4bff253b190a80da3ab6a5
- name: github.com/klauspost/compress
  version: 5fb1f31b0a61e9858f12f39266e059848a5f1cea
  subpackages:
  - flate
  - gzip
  - zlib
- name: github.com/klauspost/cpuid
  version: e7e905edc00ea8827e58662220139109efea09db
- name: github.com/kpacha/opencensus-influxdb
  version: 1b490a38de4c5c98e0414e4676aba2e00c5cfd45
- name: github.com/kr/fs
  version: 1455def202f6e05b95cc7bfc7e8ae67ae5141eba
- name: github.com/kr/logfmt
  version: b84e30acd515aadc4b783ad4ff83aff3299bdfe0
- name: github.com/kr/pretty
  version: 73f6ac0b30a98e433b289500d779f50c1a6f0712
- name: github.com/kr/text
  version: e2ffdb16a802fe2bb95e2e35ff34f0e53aeef34f
- name: github.com/lestrrat/go-file-rotatelogs
  version: d3151e2a480fdcd05fb97102f5310a47d96274c4
- name: github.com/lib/pq
  version: 90697d60dd844d5ef6ff15135d0203f65d2f53b8
  subpackages:
  - oid
- name: github.com/linkeddata/gojsonld
  version: 4f5db6791326b8962ede4edbba693edcf20fd1ad
- name: github.com/linxGnu/goseaweedfs
  version: 0ab6d6c3e99331ca576098a3bbc76bfe9207bb41
  subpackages:
  - libs
  - model
- name: github.com/lucasb-eyer/go-colorful
  version: d9cec903b20cbeda6062366e460c2c1bdc717e4d
- name: github.com/magiconair/properties
  version: c2353362d570a7bfa228149c62842019201cfb71
- name: github.com/mailru/easyjson
  version: 9825584555aa620c53c265d4a09ace0df1346fd9
  subpackages:
  - buffer
  - jlexer
  - jwriter
- name: github.com/markbates/goth
  version: aefb600c0c37063c4280d47c42b11984b63cece4
- name: github.com/marstr/guid
  version: 8bdf7d1a087ccc975cf37dd6507da50698fd19ca
- name: github.com/maruel/panicparse
  version: 4417700b5a8d33fbb4416bb04359d20329f60008
  subpackages:
  - stack
- name: github.com/Masterminds/semver
  version: 59c29afe1a994eacb71c833025ca7acf874bb1da
- name: github.com/Masterminds/sprig
  version: 6b2a58267f6a8b1dc8e2eb5519b984008fa85e8c
- name: github.com/mattn/go-colorable
  version: efa589957cd060542a26d2dd7832fd6a6c6c3ade
- name: github.com/mattn/go-isatty
  version: 6ca4dbf54d38eea1a992b3c722a76a5d1c4cb25c
- name: github.com/mattn/go-runewidth
  version: ce7b0b5c7b45a81508558cd1dba6bb1e4ddb51bb
- name: github.com/mattn/go-sqlite3
  version: 6d0b39d7bc5136196a370d1b5b899af93baa5799
- name: github.com/matttproud/golang_protobuf_extensions
  version: c12348ce28de40eed0136aa2b644d0ee0650e56c
  subpackages:
  - pbutil
- name: github.com/mgutz/ansi
  version: 9520e82c474b0a04dd04f8a40959027271bab992
- name: github.com/miekg/dns
  version: 0a83f30697946bfe5806581642457c2b829abb2c
- name: github.com/mitchellh/go-homedir
  version: 3864e76763d94a6df2f9960b16a20a33da9f9a66
- name: github.com/mitchellh/go-wordwrap
  version: ad45545899c7b13c020ea92b2072220eefad42b8
- name: github.com/mitchellh/mapstructure
  version: bb74f1db0675b241733089d5a1faa5dd8b0ef57b
- name: github.com/mitchellh/osext
  version: 5e2d6d41470f99c881826dedd8c526728b783c9c
- name: github.com/mitchellh/packer
  version: 1a912d791a412eed256b053a777955b56c474a91
  subpackages:
  - common/json
- name: github.com/mmcdole/gofeed
  version: 3ad502aa86dbc0f278e63a2badb7b3b1fa26d51e
  subpackages:
  - atom
  - extensions
  - internal/shared
  - rss
- name: github.com/mmcdole/goxpp
  version: 77e4a51a73ed99ee3f33c1474dc166866304acbd
- name: github.com/modern-go/concurrent
  version: bacd9c7ef1dd9b15be4a9909b8ac7a4e313eec94
- name: github.com/modern-go/reflect2
  version: 58118c1ea9161250907268a484af4dd6ed314280
- name: github.com/mschoch/smat
  version: 90eadee771aeab36e8bf796039b8c261bebebe4f
- name: github.com/newrelic/go-agent
  version: a5d75f2b4787aa1bbc76688187b2353f8ff581a6
  subpackages:
  - _integrations/nrgin/v1
  - internal
  - internal/cat
  - internal/jsonx
  - internal/logger
  - internal/sysinfo
  - internal/utilization
- name: github.com/nfnt/resize
  version: 83c6a9932646f83e3267f353373d47347b6036b2
- name: github.com/ngdinhtoan/flagstruct
  version: ccbdcbdc38652e3b2d5c83a7053c31afe55db167
- name: github.com/nicksnyder/go-i18n
  version: f6ac3d9cf0c4b6a32527779e992ebde26bd3d948
  subpackages:
  - i18n
  - i18n/bundle
  - i18n/language
  - i18n/translation
- name: github.com/nsf/termbox-go
  version: 21a4d435a86280a2927985fd6296de56cbce453e
- name: github.com/nu7hatch/gouuid
  version: 179d4d0c4d8d407a32af483c2354df1d2c91e6c3
- name: github.com/olekukonko/tablewriter
  version: d4647c9c7a84d847478d890b816b7d8b62b0b279
- name: github.com/op/go-logging
  version: 970db520ece77730c7e4724c61121037378659d9
- name: github.com/opennota/substring
  version: 698205bf2f2088746c0435a715f4d53c99d58e07
- name: github.com/openzipkin/zipkin-go
  version: 049fbe2d48ed0f64ede7f076a38848c63b80682d
  subpackages:
  - model
  - reporter
  - reporter/http
- name: github.com/patrickmn/go-cache
  version: 9f6ff22cfff829561052f5886ec80a2ac148b4eb
- name: github.com/patrikeh/go-deep
  version: 20ca96522659f5634327d19f2f6de2132e21262c
  subpackages:
  - training
- name: github.com/pelletier/go-toml
  version: c01d1270ff3e442a8a57cddc1c92dc1138598194
- name: github.com/peterbourgon/diskv
  version: 0646ccaebea1ed1539efcab30cae44019090093f
- name: github.com/peterbourgon/mergemap
  version: e21c03b7a721e413718d2703181ead350d3c9d6f
- name: github.com/philhofer/fwd
  version: bb6d471dc95d4fe11e432687f8b70ff496cf3136
- name: github.com/pierrec/lz4
  version: ed8d4cc3b461464e69798080a0092bd028910298
- name: github.com/pierrec/xxHash
  version: a0006b13c722f7f12368c00a3d3c2ae8a999a0c6
  subpackages:
  - xxHash32
- name: github.com/pkg/errors
  version: 645ef00459ed84a119197bfb8d8205042c6df63d
- name: github.com/pkg/sftp
  version: 6227cfc71f4b02132d300b6d0bdd809c6b63a6d4
- name: github.com/pmezard/go-difflib
  version: d8ed2627bdf02c080bf22230dbb337003b7aba2d
  subpackages:
  - difflib
- name: github.com/pquerna/cachecontrol
  version: 1555304b9b35fdd2b425bccf1a5613677705e7d0
  subpackages:
  - cacheobject
- name: github.com/prometheus/client_golang
  version: 208fa994be3bd65c0de04f506db92852b581bc4a
  subpackages:
  - prometheus
  - prometheus/promhttp
- name: github.com/prometheus/client_model
  version: 99fa1f4be8e564e8a6b613da7fa6f46c9edafc6c
  subpackages:
  - go
- name: github.com/prometheus/common
  version: 7600349dcfe1abd18d72d3a1770870d9800a7801
  subpackages:
  - expfmt
  - internal/bitbucket.org/ww/goautoneg
  - model
- name: github.com/prometheus/procfs
  version: 54d17b57dd7d4a3aa092476596b3f8a933bde349
  subpackages:
  - internal/util
  - nfs
  - xfs
- name: github.com/PuerkitoBio/goquery
  version: e1271ee34c6a305e38566ecd27ae374944907ee9
- name: github.com/qiniu/log
  version: a304a74568d6982c5b89de1c68ac8fca3add196a
- name: github.com/qntfy/jsonparser
  version: 107e2122799875b4d01959e04eb2c4d0f4c9bca5
- name: github.com/qntfy/kazaam
  version: c89d389fcc2780e2d785a3ae263fe08568b6b45c
  subpackages:
  - transform
- name: github.com/rai-project/godotenv
  version: 59354f37392e046b01b6759037002772b9cb53aa
- name: github.com/rai-project/linguist
  version: db241cd74f9a26efc450987fa2223e06693880ba
  subpackages:
  - pkg
  - pkg/data
  - pkg/tokenizer
- name: github.com/rcrowley/go-metrics
  version: e2704e165165ec55d062f5919b4b29494e9fa790
  subpackages:
  - exp
- name: github.com/rivo/tview
  version: 71ecf1f4299c6d72b16d20da72405b7e85ac8720
- name: github.com/RoaringBitmap/roaring
  version: 01d244c43a7e8d1191a4f369f5908ea9eb9bc9ac
  repo: https://github.com/RoaringBitmap/roaring
- name: github.com/robertkrimen/otto
  version: 03d472dc43abece8691e609a23d295ab732abba6
  subpackages:
  - ast
  - dbg
  - file
  - parser
  - registry
  - token
- name: github.com/robfig/go-cache
  version: 9fc39e0dbf62c034ec4e45e6120fc69433a3ec51
- name: github.com/rs/cors
  version: 694cf2ad010fcf91ee35161f5bfdad8f42ed1b9a
- name: github.com/rychipman/easylex
  version: 49ee7767142fe77a736296b5069907f42a807763
- name: github.com/saintfish/chardet
  version: 3af4cd4741ca4f3eb0c407c034571a6fb0ea529c
- name: github.com/sasile/gohistogram
  version: 5001302df51a4363b1b3b51ae4164396d1c6962e
- name: github.com/sasile/termui
  version: 06fe1594daa83ae58c9d21da9e9acd18d15a45e8
- name: github.com/satori/go.uuid
  version: 36e9d2ebbde5e3f13ab2e25625fd453271d6522e
- name: github.com/segmentio/fasthash
  version: a72b379d632eab4b49e4f4b2c765cfebf0a74796
  subpackages:
  - jody
- name: github.com/segmentio/ksuid
  version: 801bc44340820cc2d704696a0deab52301b9ff2a
- name: github.com/segmentio/objconv
  version: 61cd5fa679277953f684db7c5463015771b22379
  subpackages:
  - json
  - objutil
- name: github.com/shixzie/nlp
  version: 39fec05b9991b68cbc09466f3e0c878d3e4e8694
  subpackages:
  - parser
- name: github.com/shomali11/maps
  version: 09a57b25d94bfa9310d6cfb14f0ac5f9f437f8ad
- name: github.com/shomali11/util
  version: 02c26c8307cd6c2cc5cd72c903a3674aabd7f5d8
  subpackages:
  - xhashes
- name: github.com/sirupsen/logrus
  version: ea8897e79973357ba785ac2533559a6297e83c44
- name: github.com/skelterjohn/go.matrix
  version: daa59528eefd43623a4c8e36373a86f9eef870a2
- name: github.com/slotix/dataflowkit
  version: cf7534ca0e59f5f2a8e65c1e20ad38c628747bc6
  subpackages:
  - errs
  - extract
  - fetch
  - healthcheck
  - logger
  - paginate
  - parse
  - scrape
  - splash
  - storage
  - storage/mocks
  - utils
- name: github.com/sniperkit/utils
  version: 1a5050c5758a83bae27b2d4ec2965d9bda4b60d7
- name: github.com/sniperkit/vipertags
  version: e3ee72c5442351b8b897b02beed7da83ea48b2ae
- name: github.com/sniperkit/xconfig
  version: f9c2fa1370705427469c3d73e66f8c99af3a0eeb
- name: github.com/sniperkit/xtask
  version: e3c17b22c0437e150c6e7e7b67678e5f0014328f
  subpackages:
  - plugin/counter
  - util/fs
- name: github.com/sniperkit/xutil
  version: 8534794ae586fc83534e81e63e1d6d351a46c1c1
  subpackages:
  - plugin/concurrency/sync/debug
  - plugin/debug/pp
  - plugin/format/convert/json2csv
  - plugin/format/convert/json2csv/jsonpointer
  - plugin/format/convert/mxj
  - plugin/format/csv/concurrent-writer
  - plugin/format/json
- name: github.com/sony/gobreaker
  version: 3cb67c77c1d1e72fda30c6970578164d24f806b6
- name: github.com/spf13/afero
  version: 787d034dfe70e44075ccc060d346146ef53270ad
  subpackages:
  - mem
- name: github.com/spf13/cast
  version: 8965335b8c7107321228e3e3702cab9832751bac
- name: github.com/spf13/cobra
  version: 1e58aa3361fd650121dceeedc399e7189c05674a
- name: github.com/spf13/jwalterweatherman
  version: 7c0cea34c8ece3fbeb2b27ab9b59511d360fb394
- name: github.com/spf13/pflag
  version: 3ebe029320b2676d667ae88da602a5f854788a8a
- name: github.com/spf13/viper
  version: 15738813a09db5c8e5b60a19d67d3f9bd38da3a4
  subpackages:
  - remote
- name: github.com/ssor/bom
  version: 6386211fdfcf24c0bfbdaceafd02849ed9a8a509
- name: github.com/SteelSeries/bufrr
  version: 72103137aa3c3e0e567f97b5db56633d06f2a652
- name: github.com/steveyen/gtreap
  version: 0abe01ef9be25c4aedc174758ec2d917314d6d70
  repo: https://github.com/steveyen/gtreap
- name: github.com/stretchr/objx
  version: cbeaeb16a013161a98496fad62933b1d21786672
- name: github.com/stretchr/testify
  version: 69483b4bd14f5845b5a1e55bca19e954e827f1d0
  subpackages:
  - assert
  - mock
  - require
- name: github.com/SunRunAway/json2csv
  version: cde2814c8c3c8624d9aec17c01f48add2a69463a
  subpackages:
  - json2map
- name: github.com/syndtr/goleveldb
  version: 93fc893f2dadb96ffde441c7546cc67ea290a3a8
  repo: https://github.com/syndtr/goleveldb
  subpackages:
  - leveldb
  - leveldb/cache
  - leveldb/comparer
  - leveldb/errors
  - leveldb/filter
  - leveldb/iterator
  - leveldb/journal
  - leveldb/memdb
  - leveldb/opt
  - leveldb/storage
  - leveldb/table
  - leveldb/util
- name: github.com/tealeg/xlsx
  version: f36fa3be8893d528004c0938e06b65c67f69b76f
- name: github.com/temoto/robotstxt
  version: 9e4646fa705336d5b2fa9dddfafbe0a1a965acd7
- name: github.com/thrift-iterator/go
  version: 06505c4f9ea0dba0ee412879332fb091387a370f
  subpackages:
  - binding/codegen
  - binding/reflection
  - general
  - protocol
  - protocol/binary
  - protocol/compact
  - protocol/sbinary
  - raw
  - spi
- name: github.com/tidwall/match
  version: 1731857f09b1f38450e2c12409748407822dc6be
- name: github.com/tinylib/msgp
  version: b2b6a672cf1e5b90748f79b8b81fc8c5cf0571a1
  subpackages:
  - msgp
- name: github.com/tmthrgd/atomics
  version: 6910de195248d94fb2304103b0466f7e756abd63
- name: github.com/tmthrgd/go-bitset
  version: e3729341942d36547b042e72002fc50d83c32364
  subpackages:
  - internal/bitwise
- name: github.com/tmthrgd/go-bitwise
  version: 01bef038b6bd65962895f1c8405d1a727b3f4856
- name: github.com/tmthrgd/go-byte-test
  version: 7c6ef825f3b10c790db6af3eeb0581788e6f7ebc
- name: github.com/tmthrgd/go-hex
  version: a82aa03cedda71045967f5cc69c22cada26f4e6c
- name: github.com/tmthrgd/go-memset
  version: feb037de7e165b80396db189537a9ce740d33cbd
- name: github.com/tmthrgd/go-popcount
  version: 61da9243d3a146ee708e13e1e7b11ff04f95b72b
- name: github.com/tomsteele/blacksheepwall
  version: 451a64fe9b30edabb90adcb0bfe0301622c7b357
  subpackages:
  - bsw
  - helpers
- name: github.com/tomsteele/go-shodan
  version: d0cdfc1105e6dab6dc5d61eb2a2cd101531b3d39
- name: github.com/toqueteos/trie
  version: 56fed4a05683322f125e2d78ee269bb102280392
- name: github.com/turnage/graw
  version: 15877a6c18d60f0ad1336c3d44fb59e95c3e6b40
  subpackages:
  - reddit
- name: github.com/turnage/redditproto
  version: afedf1b6eddb1a10e42199264824e012874e9941
- name: github.com/ugorji/go
  version: f3cacc17c85ecb7f1b6a9e373ee85d1480919868
  subpackages:
  - codec
- name: github.com/Unknwon/com
  version: 7677a1d7c1137cd3dd5ba7a076d0c898a1ef4520
- name: github.com/unrolled/secure
  version: a1cf62cc2159fff407728f118c41aece76c397fa
- name: github.com/urandom/embed
  version: edcd0ba12cd1fa5a1603a2e396a2403eb639537f
  subpackages:
  - filesystem
- name: github.com/urandom/handler
  version: f4f67fe0c1c0bda9b46be72fbc6c18355d0bfdd5
  subpackages:
  - auth
  - encoding
  - lang
  - log
  - method
- name: github.com/urandom/readeef
  version: bc80d86227f7b8047dcb5f8dd9d1404f1bc7acc4
  subpackages:
  - api
  - api/fever
  - api/token
  - api/ttrss
  - config
  - content
  - content/extract
  - content/monitor
  - content/processor
  - content/repo
  - content/repo/eventable
  - content/repo/logging
  - content/repo/mock_repo
  - content/repo/sql
  - content/repo/sql/db
  - content/repo/sql/db/base
  - content/repo/sql/db/postgres
  - content/repo/sql/db/sqlite3
  - content/search
  - content/thumbnail
  - feed
  - internal/legacy
  - log
  - parser
  - pool
  - popularity
  - web
- name: github.com/urandom/text-summary
  version: 3e2dd4c46c539daea022b498279a925cff9791dc
  subpackages:
  - summarize
- name: github.com/urfave/cli
  version: 8e01ec4cd3e2d84ab2fe90d8210528ffbb06d8ff
- name: github.com/urfave/negroni
  version: 22c5532ea862c34fdad414e90f8cc00b4f6f4cab
- name: github.com/v2pro/plz
  version: 2d49b86ea38230256fa4bf998fad76b8878c7be3
  subpackages:
  - concurrent
  - countlog
  - countlog/loglog
  - countlog/output
  - countlog/output/hrf
  - countlog/spi
  - countlog/stats
  - gls
  - msgfmt
  - msgfmt/jsonfmt
  - parse
  - parse/read
  - parse/skip
  - reflect2
- name: github.com/v2pro/quokka
  version: 382cb39c6ee6f6c86386f3694d142ddf26810298
  subpackages:
  - docstore/compiler
- name: github.com/v2pro/wombat
  version: a56dbdcddef26b8d23c4cc2b80e30ff1368ebc35
  subpackages:
  - generic
- name: github.com/v3io/http_blaster
  version: 7b66f00e1a3b908a0d2a37220a3a4f7492ac2abd
  subpackages:
  - httpblaster
  - httpblaster/config
  - httpblaster/histogram
  - httpblaster/igz_data
  - httpblaster/request_generators
  - httpblaster/tui
  - httpblaster/worker
- name: github.com/valyala/bytebufferpool
  version: e746df99fe4a3986f4d4f79e13c1e0117ce9c2f7
- name: github.com/valyala/fasthttp
  version: e5f51c11919d4f66400334047b897ef0a94c6f3c
  subpackages:
  - fasthttputil
  - stackless
- name: github.com/willf/bitset
  version: 2e6e8094ef4745224150c88c16191c7dceaad16f
  repo: https://github.com/willf/bitset
- name: github.com/wttw/orderedheaders
  version: 51af6d9e125d6262bd8bb0d2ac3bb9eb7ec74b92
- name: github.com/x-cray/logrus-prefixed-formatter
  version: bb2702d423886830dee131692131d35648c382e2
- name: github.com/xordataexchange/crypt
  version: b2862e3d0a775f18c7cfe02273500ae307b61218
  subpackages:
  - backend
  - backend/consul
  - backend/etcd
  - config
  - encoding/secconf
- name: github.com/zbindenren/negroni-prometheus
  version: 5b0cd68e11ba4c17e7fde63f7e2b42af1f541f2e
- name: github.com/zhuharev/boltutils
  version: 3acb389c51858297ab6853e03678f6c95f032a13
- name: go.opencensus.io
  version: 57c74344f14bef266fd8bae3e3b8e67920295263
  subpackages:
  - exporter/jaeger
  - exporter/jaeger/internal/gen-go/jaeger
  - exporter/prometheus
  - exporter/stackdriver/propagation
  - exporter/zipkin
  - exporterutil
  - internal
  - internal/tagencoding
  - plugin/ochttp
  - plugin/ochttp/propagation/b3
  - stats
  - stats/internal
  - stats/view
  - tag
  - trace
  - trace/internal
  - trace/propagation
- name: golang.org/x/crypto
  version: c3a3ad6d03f7a915c0f7e194b7152974bb73d287
  subpackages:
  - acme
  - acme/autocert
  - bcrypt
  - blowfish
  - cast5
  - cryptobyte
  - cryptobyte/asn1
  - curve25519
  - ed25519
  - ed25519/internal/edwards25519
  - internal/chacha20
  - nacl/secretbox
  - openpgp
  - openpgp/armor
  - openpgp/elgamal
  - openpgp/errors
  - openpgp/packet
  - openpgp/s2k
  - pbkdf2
  - poly1305
  - salsa20/salsa
  - scrypt
  - ssh
  - ssh/terminal
- name: golang.org/x/net
  version: 92b859f39abd2d91a854c9f9c4621b2f5054a92d
  subpackages:
  - bpf
  - context
  - context/ctxhttp
  - html
  - html/atom
  - html/charset
  - http2
  - http2/hpack
  - idna
  - internal/iana
  - internal/socket
  - internal/timeseries
  - ipv4
  - ipv6
  - lex/httplex
  - proxy
  - publicsuffix
  - trace
- name: golang.org/x/oauth2
  version: 1e0a3fa8ba9a5c9eb35c271780101fdaf1b205d7
  subpackages:
  - clientcredentials
  - google
  - internal
  - jws
  - jwt
- name: golang.org/x/sync
  version: 1d60e4601c6fd243af51cc01ddf169918a5407ca
  subpackages:
  - semaphore
- name: golang.org/x/sys
  version: d8e400bc7db4870d786864138af681469693d18c
  subpackages:
  - unix
  - windows
- name: golang.org/x/text
  version: 5ee49cfe751141f8017047bab800d1f528ee3be1
  subpackages:
  - encoding
  - encoding/charmap
  - encoding/htmlindex
  - encoding/internal
  - encoding/internal/identifier
  - encoding/japanese
  - encoding/korean
  - encoding/simplifiedchinese
  - encoding/traditionalchinese
  - encoding/unicode
  - internal/tag
  - internal/utf8internal
  - language
  - runes
  - transform
  - unicode/bidi
  - unicode/norm
- name: golang.org/x/time
  version: fbb02b2291d28baffd63558aa44b4b56f178d650
  subpackages:
  - rate
- name: google.golang.org/api
  version: 00e3bb8d04691e25ee2fccf98c866bcb7925c3ec
  subpackages:
  - bigquery/v2
  - gensupport
  - googleapi
  - googleapi/internal/uritemplates
  - googleapi/transport
  - internal
  - iterator
  - option
  - storage/v1
  - support/bundler
  - transport/http
- name: google.golang.org/appengine
  version: b1f26356af11148e710935ed1ac8a7f5702c7612
  subpackages:
  - internal
  - internal/app_identity
  - internal/base
  - internal/datastore
  - internal/log
  - internal/modules
  - internal/remote_api
  - internal/urlfetch
  - urlfetch
- name: google.golang.org/genproto
  version: 81158efcc9f219c511e4d3c0d61a0e6e49c01a24
  subpackages:
  - googleapis/api/annotations
  - googleapis/iam/v1
  - googleapis/rpc/code
  - googleapis/rpc/status
  - protobuf/api
  - protobuf/field_mask
  - protobuf/ptype
  - protobuf/source_context
- name: google.golang.org/grpc
  version: 96cefb43cfc8b2cd3fed9f19f59830bc69e30093
  subpackages:
  - balancer
  - balancer/base
  - balancer/roundrobin
  - channelz
  - codes
  - connectivity
  - credentials
  - encoding
  - encoding/proto
  - grpclog
  - internal
  - internal/grpcrand
  - interop/grpc_testing
  - keepalive
  - metadata
  - naming
  - peer
  - reflection
  - reflection/grpc_reflection_v1alpha
  - resolver
  - resolver/dns
  - resolver/passthrough
  - stats
  - status
  - tap
  - transport
- name: gopkg.in/bsm/ratelimit.v1
  version: db14e161995a5177acef654cb0dd785e8ee8bc22
- name: gopkg.in/Clever/gearman.v1
  version: a3c727cd3b480eb7c795c18c9be081cafcbcffae
  subpackages:
  - job
  - packet
  - scanner
  - utils
- name: gopkg.in/Clever/optimus.v3
  version: 85c30b690ecbc7f9c707c640ff0bf82492f887ff
  subpackages:
  - scanner
  - sinks/discard
  - sinks/json
  - sources/csv
  - sources/error
  - sources/infinite
  - sources/json
  - sources/slice
  - tests
  - transforms
- name: gopkg.in/errgo.v1
  version: c17903c6b19d5dedb9cfba9fa314c7fae63e554f
- name: gopkg.in/fatih/set.v0
  version: 168a5d71ba0669ae06888225478d73a113f1687e
- name: gopkg.in/gcfg.v1
  version: 61b2c08bc8f6068f7c5ca684372f9a6cb1c45ebe
  subpackages:
  - scanner
  - token
  - types
- name: gopkg.in/gin-contrib/cors.v1
  version: cf4846e6a636a76237a28d9286f163c132e841bc
- name: gopkg.in/go-playground/validator.v8
  version: 5f1438d3fca68893a817e4a66806cea46a9e4ebf
- name: gopkg.in/jmcvetta/napping.v3
  version: 4c7b4b235c63152afa9a1c6384e708e0fbfd77ca
- name: gopkg.in/kothar/brotli-go.v0
  version: 771231d473d6c4896e97c2b6e3855f1afc0cdada
  subpackages:
  - enc
  - shared
- name: gopkg.in/natefinch/lumberjack.v2
  version: a96e63847dc3c67d17befa69c303767e2f84e54f
- name: gopkg.in/neurosnap/sentences.v1
  version: a7f18ead1433a139742a8b42ce7a059cfb484d60
  subpackages:
  - data
- name: gopkg.in/olivere/elastic.v5
  version: b708306d715bea9b983685e94ab4602cdc9f988b
  subpackages:
  - config
  - uritemplates
- name: gopkg.in/redis.v3
  version: b5e368500d0a508ef8f16e9c2d4025a8a46bcc29
  subpackages:
  - internal
  - internal/consistenthash
  - internal/hashtag
  - internal/pool
- name: gopkg.in/redsync.v1
  version: 98dabdf1c8574561bf976911c14ff652c47b1ddf
- name: gopkg.in/retry.v1
  version: 2d7c7c65cc71d024968d9ff4385d5e7ad3a83fcc
- name: gopkg.in/sourcemap.v1
  version: 6e83acea0053641eff084973fee085f0c193c61a
  subpackages:
  - base64vlq
- name: gopkg.in/src-d/enry.v1
  version: 6712d4219fb747194f38d0fc72121ca0a46ebcea
  subpackages:
  - data
  - internal/tokenizer
- name: gopkg.in/toqueteos/substring.v1
  version: c5f61671513240ddf5563635cc4a90e9f3ae4710
- name: gopkg.in/unrolled/secure.v1
  version: a1cf62cc2159fff407728f118c41aece76c397fa
- name: gopkg.in/warnings.v0
  version: ec4a0fea49c7b46c2aeb0b51aac55779c607e52b
- name: gopkg.in/yaml.v2
  version: 5420a8b6744d3b0345ab293f6fcba19c978f1183
testImports:
- name: github.com/armon/go-proxyproto
  version: 5b7edb60ff5f69b60d1950397f7bde6171f1807d
- name: github.com/die-net/lrucache
  version: 04b9315ab7a61886b4e51dba37a9c7cc14885fae
- name: github.com/docker/libkv
  version: 791d3fcb5d1b1af9a0ad6700cd8956b2f7a0a518
  subpackages:
  - testutils
- name: github.com/dustin/go-humanize
  version: 02af3965c54e8cacf948b97fef38925c4120652c
- name: github.com/hashicorp/raft
  version: a3fb4581fb07b16ecf1c3361580d4bdb17de9d98
  subpackages:
  - bench
- name: github.com/jamiealquiza/tachymeter
  version: 648c1d0993ac51f0da5166710106f4c373423e13
- name: github.com/jimsmart/collysqlite
  version: 3b5418d45000b7031a810c5242db62e31b98a495
- name: github.com/k0kubun/colorstring
  version: 9440f1994b88a579ce4e2884bfb4532b79bdca7a
- name: github.com/lestrrat/go-strftime
  version: ba3bf9c1d0421aa146564a632931730344f1f9f1
- name: github.com/letgoapp/krakend-consul
  version: b4d135ce6994ddd43d0d292e5bc2fc75baa1e9c9
- name: github.com/onsi/ginkgo
  version: c73579c58881b5ba90d3b08f6ac59cb1c909d6dd
  subpackages:
  - config
  - internal/codelocation
  - internal/containernode
  - internal/failer
  - internal/leafnodes
  - internal/remote
  - internal/spec
  - internal/spec_iterator
  - internal/specrunner
  - internal/suite
  - internal/testingtproxy
  - internal/writer
  - reporters
  - reporters/stenographer
  - reporters/stenographer/support/go-colorable
  - reporters/stenographer/support/go-isatty
  - types
- name: github.com/onsi/gomega
  version: 41673fd8f03bf7bab82cf50741d447064926bb84
  subpackages:
  - format
  - internal/assertion
  - internal/asyncassertion
  - internal/oraclematcher
  - internal/testingtsupport
  - matchers
  - matchers/support/goraph/bipartitegraph
  - matchers/support/goraph/edge
  - matchers/support/goraph/node
  - matchers/support/goraph/util
  - types
- name: github.com/rifflock/lfshook
  version: 6844c808343cb8fa357d7f141b1b990e05d24e41
- name: github.com/rohanthewiz/logger
  version: e6d25d0b47f390979e5357b6b4137684b9c81a6f
- name: github.com/rohanthewiz/serr
  version: c9b173b7bf1837308b1d08ed4014041441b5243b
- name: gopkg.in/check.v1
  version: 20d25e2804050c1cd24a7eea1e7a6447dd0e74ec
